// !$*UTF8*$!
{
	archiveVersion = 1;
	classes = {
	};
	objectVersion = 55;
	objects = {

/* Begin PBXBuildFile section */
		EA28875A27E4BA59003AAA8F /* RetryView.swift in Sources */ = {isa = PBXBuildFile; fileRef = EA28875927E4BA59003AAA8F /* RetryView.swift */; };
		EA28875C27E4BBCE003AAA8F /* EmptyPlaceholderView.swift in Sources */ = {isa = PBXBuildFile; fileRef = EA28875B27E4BBCE003AAA8F /* EmptyPlaceholderView.swift */; };
		EA28875E27E50D7A003AAA8F /* BookmarkViewModel.swift in Sources */ = {isa = PBXBuildFile; fileRef = EA28875D27E50D7A003AAA8F /* BookmarkViewModel.swift */; };
		EA7ECE5327E3B0E30009B0D8 /* XCANewsApp.swift in Sources */ = {isa = PBXBuildFile; fileRef = EA7ECE5227E3B0E30009B0D8 /* XCANewsApp.swift */; };
		EA7ECE5527E3B0E30009B0D8 /* ContentView.swift in Sources */ = {isa = PBXBuildFile; fileRef = EA7ECE5427E3B0E30009B0D8 /* ContentView.swift */; };
		EA7ECE5727E3B0E40009B0D8 /* Assets.xcassets in Resources */ = {isa = PBXBuildFile; fileRef = EA7ECE5627E3B0E40009B0D8 /* Assets.xcassets */; };
		EA7ECE5A27E3B0E40009B0D8 /* Preview Assets.xcassets in Resources */ = {isa = PBXBuildFile; fileRef = EA7ECE5927E3B0E40009B0D8 /* Preview Assets.xcassets */; };
		EA7ECE6127E3B4B70009B0D8 /* news.json in Resources */ = {isa = PBXBuildFile; fileRef = EA7ECE6027E3B4B70009B0D8 /* news.json */; };
		EA7ECE6427E3B52C0009B0D8 /* Article.swift in Sources */ = {isa = PBXBuildFile; fileRef = EA7ECE6327E3B52C0009B0D8 /* Article.swift */; };
		EA7ECE6627E44C760009B0D8 /* NewsApiResponse.swift in Sources */ = {isa = PBXBuildFile; fileRef = EA7ECE6527E44C760009B0D8 /* NewsApiResponse.swift */; };
		EA7ECE6927E44FF00009B0D8 /* ArticleRowView.swift in Sources */ = {isa = PBXBuildFile; fileRef = EA7ECE6827E44FF00009B0D8 /* ArticleRowView.swift */; };
		EA7ECE6C27E464C30009B0D8 /* ArticleListView.swift in Sources */ = {isa = PBXBuildFile; fileRef = EA7ECE6B27E464C30009B0D8 /* ArticleListView.swift */; };
		EA7ECE6E27E4666E0009B0D8 /* SafariView.swift in Sources */ = {isa = PBXBuildFile; fileRef = EA7ECE6D27E4666E0009B0D8 /* SafariView.swift */; };
		EA7ECE7127E46C460009B0D8 /* NewsApi.swift in Sources */ = {isa = PBXBuildFile; fileRef = EA7ECE7027E46C460009B0D8 /* NewsApi.swift */; };
		EA7ECE7327E46D100009B0D8 /* Category.swift in Sources */ = {isa = PBXBuildFile; fileRef = EA7ECE7227E46D100009B0D8 /* Category.swift */; };
		EA7ECE7627E4A0C00009B0D8 /* NewsViewModel.swift in Sources */ = {isa = PBXBuildFile; fileRef = EA7ECE7527E4A0C00009B0D8 /* NewsViewModel.swift */; };
		EA7ECE7827E4A3010009B0D8 /* NewsTabView.swift in Sources */ = {isa = PBXBuildFile; fileRef = EA7ECE7727E4A3010009B0D8 /* NewsTabView.swift */; };
		EAB0522527E5ABC400ECEE27 /* BookmarkTabView.swift in Sources */ = {isa = PBXBuildFile; fileRef = EAB0522427E5ABC400ECEE27 /* BookmarkTabView.swift */; };
		EAB0522727E713A000ECEE27 /* DataStore.swift in Sources */ = {isa = PBXBuildFile; fileRef = EAB0522627E713A000ECEE27 /* DataStore.swift */; };
/* End PBXBuildFile section */

/* Begin PBXFileReference section */
		EA28875927E4BA59003AAA8F /* RetryView.swift */ = {isa = PBXFileReference; lastKnownFileType = sourcecode.swift; path = RetryView.swift; sourceTree = "<group>"; };
		EA28875B27E4BBCE003AAA8F /* EmptyPlaceholderView.swift */ = {isa = PBXFileReference; lastKnownFileType = sourcecode.swift; path = EmptyPlaceholderView.swift; sourceTree = "<group>"; };
		EA28875D27E50D7A003AAA8F /* BookmarkViewModel.swift */ = {isa = PBXFileReference; lastKnownFileType = sourcecode.swift; path = BookmarkViewModel.swift; sourceTree = "<group>"; };
		EA7ECE4F27E3B0E30009B0D8 /* XCANews.app */ = {isa = PBXFileReference; explicitFileType = wrapper.application; includeInIndex = 0; path = XCANews.app; sourceTree = BUILT_PRODUCTS_DIR; };
		EA7ECE5227E3B0E30009B0D8 /* XCANewsApp.swift */ = {isa = PBXFileReference; lastKnownFileType = sourcecode.swift; path = XCANewsApp.swift; sourceTree = "<group>"; };
		EA7ECE5427E3B0E30009B0D8 /* ContentView.swift */ = {isa = PBXFileReference; lastKnownFileType = sourcecode.swift; path = ContentView.swift; sourceTree = "<group>"; };
		EA7ECE5627E3B0E40009B0D8 /* Assets.xcassets */ = {isa = PBXFileReference; lastKnownFileType = folder.assetcatalog; path = Assets.xcassets; sourceTree = "<group>"; };
		EA7ECE5927E3B0E40009B0D8 /* Preview Assets.xcassets */ = {isa = PBXFileReference; lastKnownFileType = folder.assetcatalog; path = "Preview Assets.xcassets"; sourceTree = "<group>"; };
		EA7ECE6027E3B4B70009B0D8 /* news.json */ = {isa = PBXFileReference; lastKnownFileType = text.json; path = news.json; sourceTree = "<group>"; };
		EA7ECE6327E3B52C0009B0D8 /* Article.swift */ = {isa = PBXFileReference; lastKnownFileType = sourcecode.swift; path = Article.swift; sourceTree = "<group>"; };
		EA7ECE6527E44C760009B0D8 /* NewsApiResponse.swift */ = {isa = PBXFileReference; lastKnownFileType = sourcecode.swift; path = NewsApiResponse.swift; sourceTree = "<group>"; };
		EA7ECE6827E44FF00009B0D8 /* ArticleRowView.swift */ = {isa = PBXFileReference; lastKnownFileType = sourcecode.swift; path = ArticleRowView.swift; sourceTree = "<group>"; };
		EA7ECE6A27E45EB80009B0D8 /* Info.plist */ = {isa = PBXFileReference; lastKnownFileType = text.plist; path = Info.plist; sourceTree = "<group>"; };
		EA7ECE6B27E464C30009B0D8 /* ArticleListView.swift */ = {isa = PBXFileReference; lastKnownFileType = sourcecode.swift; path = ArticleListView.swift; sourceTree = "<group>"; };
		EA7ECE6D27E4666E0009B0D8 /* SafariView.swift */ = {isa = PBXFileReference; lastKnownFileType = sourcecode.swift; path = SafariView.swift; sourceTree = "<group>"; };
		EA7ECE7027E46C460009B0D8 /* NewsApi.swift */ = {isa = PBXFileReference; lastKnownFileType = sourcecode.swift; path = NewsApi.swift; sourceTree = "<group>"; };
		EA7ECE7227E46D100009B0D8 /* Category.swift */ = {isa = PBXFileReference; lastKnownFileType = sourcecode.swift; path = Category.swift; sourceTree = "<group>"; };
		EA7ECE7527E4A0C00009B0D8 /* NewsViewModel.swift */ = {isa = PBXFileReference; lastKnownFileType = sourcecode.swift; path = NewsViewModel.swift; sourceTree = "<group>"; };
		EA7ECE7727E4A3010009B0D8 /* NewsTabView.swift */ = {isa = PBXFileReference; lastKnownFileType = sourcecode.swift; path = NewsTabView.swift; sourceTree = "<group>"; };
		EAB0522427E5ABC400ECEE27 /* BookmarkTabView.swift */ = {isa = PBXFileReference; lastKnownFileType = sourcecode.swift; path = BookmarkTabView.swift; sourceTree = "<group>"; };
		EAB0522627E713A000ECEE27 /* DataStore.swift */ = {isa = PBXFileReference; lastKnownFileType = sourcecode.swift; path = DataStore.swift; sourceTree = "<group>"; };
/* End PBXFileReference section */

/* Begin PBXFrameworksBuildPhase section */
		EA7ECE4C27E3B0E30009B0D8 /* Frameworks */ = {
			isa = PBXFrameworksBuildPhase;
			buildActionMask = 2147483647;
			files = (
			);
			runOnlyForDeploymentPostprocessing = 0;
		};
/* End PBXFrameworksBuildPhase section */

/* Begin PBXGroup section */
		EA7ECE4627E3B0E30009B0D8 = {
			isa = PBXGroup;
			children = (
				EA7ECE5127E3B0E30009B0D8 /* XCANews */,
				EA7ECE5027E3B0E30009B0D8 /* Products */,
			);
			sourceTree = "<group>";
		};
		EA7ECE5027E3B0E30009B0D8 /* Products */ = {
			isa = PBXGroup;
			children = (
				EA7ECE4F27E3B0E30009B0D8 /* XCANews.app */,
			);
			name = Products;
			sourceTree = "<group>";
		};
		EA7ECE5127E3B0E30009B0D8 /* XCANews */ = {
			isa = PBXGroup;
			children = (
				EA7ECE7427E4A09E0009B0D8 /* ViewModel */,
				EA7ECE6F27E46C320009B0D8 /* API */,
				EA7ECE6A27E45EB80009B0D8 /* Info.plist */,
				EA7ECE6727E44FD30009B0D8 /* Views */,
				EA7ECE6227E3B5100009B0D8 /* Models */,
				EA7ECE5227E3B0E30009B0D8 /* XCANewsApp.swift */,
				EA7ECE5427E3B0E30009B0D8 /* ContentView.swift */,
				EA7ECE5627E3B0E40009B0D8 /* Assets.xcassets */,
				EA7ECE6027E3B4B70009B0D8 /* news.json */,
				EA7ECE5827E3B0E40009B0D8 /* Preview Content */,
			);
			path = XCANews;
			sourceTree = "<group>";
		};
		EA7ECE5827E3B0E40009B0D8 /* Preview Content */ = {
			isa = PBXGroup;
			children = (
				EA7ECE5927E3B0E40009B0D8 /* Preview Assets.xcassets */,
			);
			path = "Preview Content";
			sourceTree = "<group>";
		};
		EA7ECE6227E3B5100009B0D8 /* Models */ = {
			isa = PBXGroup;
			children = (
				EA7ECE6327E3B52C0009B0D8 /* Article.swift */,
				EA7ECE6527E44C760009B0D8 /* NewsApiResponse.swift */,
				EA7ECE7227E46D100009B0D8 /* Category.swift */,
				EAB0522627E713A000ECEE27 /* DataStore.swift */,
			);
			path = Models;
			sourceTree = "<group>";
		};
		EA7ECE6727E44FD30009B0D8 /* Views */ = {
			isa = PBXGroup;
			children = (
				EA7ECE6827E44FF00009B0D8 /* ArticleRowView.swift */,
				EA7ECE6B27E464C30009B0D8 /* ArticleListView.swift */,
				EA7ECE6D27E4666E0009B0D8 /* SafariView.swift */,
				EA7ECE7727E4A3010009B0D8 /* NewsTabView.swift */,
				EA28875927E4BA59003AAA8F /* RetryView.swift */,
				EA28875B27E4BBCE003AAA8F /* EmptyPlaceholderView.swift */,
				EAB0522427E5ABC400ECEE27 /* BookmarkTabView.swift */,
			);
			path = Views;
			sourceTree = "<group>";
		};
		EA7ECE6F27E46C320009B0D8 /* API */ = {
			isa = PBXGroup;
			children = (
				EA7ECE7027E46C460009B0D8 /* NewsApi.swift */,
			);
			path = API;
			sourceTree = "<group>";
		};
		EA7ECE7427E4A09E0009B0D8 /* ViewModel */ = {
			isa = PBXGroup;
			children = (
				EA7ECE7527E4A0C00009B0D8 /* NewsViewModel.swift */,
				EA28875D27E50D7A003AAA8F /* BookmarkViewModel.swift */,
			);
			path = ViewModel;
			sourceTree = "<group>";
		};
/* End PBXGroup section */

/* Begin PBXNativeTarget section */
		EA7ECE4E27E3B0E30009B0D8 /* XCANews */ = {
			isa = PBXNativeTarget;
			buildConfigurationList = EA7ECE5D27E3B0E40009B0D8 /* Build configuration list for PBXNativeTarget "XCANews" */;
			buildPhases = (
				EA7ECE4B27E3B0E30009B0D8 /* Sources */,
				EA7ECE4C27E3B0E30009B0D8 /* Frameworks */,
				EA7ECE4D27E3B0E30009B0D8 /* Resources */,
			);
			buildRules = (
			);
			dependencies = (
			);
			name = XCANews;
			productName = XCANews;
			productReference = EA7ECE4F27E3B0E30009B0D8 /* XCANews.app */;
			productType = "com.apple.product-type.application";
		};
/* End PBXNativeTarget section */

/* Begin PBXProject section */
		EA7ECE4727E3B0E30009B0D8 /* Project object */ = {
			isa = PBXProject;
			attributes = {
				BuildIndependentTargetsInParallel = 1;
				LastSwiftUpdateCheck = 1320;
				LastUpgradeCheck = 1320;
				TargetAttributes = {
					EA7ECE4E27E3B0E30009B0D8 = {
						CreatedOnToolsVersion = 13.2.1;
					};
				};
			};
			buildConfigurationList = EA7ECE4A27E3B0E30009B0D8 /* Build configuration list for PBXProject "XCANews" */;
			compatibilityVersion = "Xcode 13.0";
			developmentRegion = en;
			hasScannedForEncodings = 0;
			knownRegions = (
				en,
				Base,
			);
			mainGroup = EA7ECE4627E3B0E30009B0D8;
			productRefGroup = EA7ECE5027E3B0E30009B0D8 /* Products */;
			projectDirPath = "";
			projectRoot = "";
			targets = (
				EA7ECE4E27E3B0E30009B0D8 /* XCANews */,
			);
		};
/* End PBXProject section */

/* Begin PBXResourcesBuildPhase section */
		EA7ECE4D27E3B0E30009B0D8 /* Resources */ = {
			isa = PBXResourcesBuildPhase;
			buildActionMask = 2147483647;
			files = (
				EA7ECE6127E3B4B70009B0D8 /* news.json in Resources */,
				EA7ECE5A27E3B0E40009B0D8 /* Preview Assets.xcassets in Resources */,
				EA7ECE5727E3B0E40009B0D8 /* Assets.xcassets in Resources */,
			);
			runOnlyForDeploymentPostprocessing = 0;
		};
/* End PBXResourcesBuildPhase section */

/* Begin PBXSourcesBuildPhase section */
		EA7ECE4B27E3B0E30009B0D8 /* Sources */ = {
			isa = PBXSourcesBuildPhase;
			buildActionMask = 2147483647;
			files = (
				EA7ECE5527E3B0E30009B0D8 /* ContentView.swift in Sources */,
				EAB0522727E713A000ECEE27 /* DataStore.swift in Sources */,
				EA7ECE6C27E464C30009B0D8 /* ArticleListView.swift in Sources */,
				EA7ECE6927E44FF00009B0D8 /* ArticleRowView.swift in Sources */,
				EA28875A27E4BA59003AAA8F /* RetryView.swift in Sources */,
				EA7ECE5327E3B0E30009B0D8 /* XCANewsApp.swift in Sources */,
				EA7ECE6627E44C760009B0D8 /* NewsApiResponse.swift in Sources */,
				EA7ECE7327E46D100009B0D8 /* Category.swift in Sources */,
				EA28875C27E4BBCE003AAA8F /* EmptyPlaceholderView.swift in Sources */,
				EA7ECE6427E3B52C0009B0D8 /* Article.swift in Sources */,
				EA7ECE7827E4A3010009B0D8 /* NewsTabView.swift in Sources */,
				EA28875E27E50D7A003AAA8F /* BookmarkViewModel.swift in Sources */,
				EA7ECE7627E4A0C00009B0D8 /* NewsViewModel.swift in Sources */,
				EA7ECE6E27E4666E0009B0D8 /* SafariView.swift in Sources */,
				EA7ECE7127E46C460009B0D8 /* NewsApi.swift in Sources */,
				EAB0522527E5ABC400ECEE27 /* BookmarkTabView.swift in Sources */,
			);
			runOnlyForDeploymentPostprocessing = 0;
		};
/* End PBXSourcesBuildPhase section */

/* Begin XCBuildConfiguration section */
		EA7ECE5B27E3B0E40009B0D8 /* Debug */ = {
			isa = XCBuildConfiguration;
			buildSettings = {
				ALWAYS_SEARCH_USER_PATHS = NO;
				CLANG_ANALYZER_NONNULL = YES;
				CLANG_ANALYZER_NUMBER_OBJECT_CONVERSION = YES_AGGRESSIVE;
				CLANG_CXX_LANGUAGE_STANDARD = "gnu++17";
				CLANG_CXX_LIBRARY = "libc++";
				CLANG_ENABLE_MODULES = YES;
				CLANG_ENABLE_OBJC_ARC = YES;
				CLANG_ENABLE_OBJC_WEAK = YES;
				CLANG_WARN_BLOCK_CAPTURE_AUTORELEASING = YES;
				CLANG_WARN_BOOL_CONVERSION = YES;
				CLANG_WARN_COMMA = YES;
				CLANG_WARN_CONSTANT_CONVERSION = YES;
				CLANG_WARN_DEPRECATED_OBJC_IMPLEMENTATIONS = YES;
				CLANG_WARN_DIRECT_OBJC_ISA_USAGE = YES_ERROR;
				CLANG_WARN_DOCUMENTATION_COMMENTS = YES;
				CLANG_WARN_EMPTY_BODY = YES;
				CLANG_WARN_ENUM_CONVERSION = YES;
				CLANG_WARN_INFINITE_RECURSION = YES;
				CLANG_WARN_INT_CONVERSION = YES;
				CLANG_WARN_NON_LITERAL_NULL_CONVERSION = YES;
				CLANG_WARN_OBJC_IMPLICIT_RETAIN_SELF = YES;
				CLANG_WARN_OBJC_LITERAL_CONVERSION = YES;
				CLANG_WARN_OBJC_ROOT_CLASS = YES_ERROR;
				CLANG_WARN_QUOTED_INCLUDE_IN_FRAMEWORK_HEADER = YES;
				CLANG_WARN_RANGE_LOOP_ANALYSIS = YES;
				CLANG_WARN_STRICT_PROTOTYPES = YES;
				CLANG_WARN_SUSPICIOUS_MOVE = YES;
				CLANG_WARN_UNGUARDED_AVAILABILITY = YES_AGGRESSIVE;
				CLANG_WARN_UNREACHABLE_CODE = YES;
				CLANG_WARN__DUPLICATE_METHOD_MATCH = YES;
				COPY_PHASE_STRIP = NO;
				DEBUG_INFORMATION_FORMAT = dwarf;
				ENABLE_STRICT_OBJC_MSGSEND = YES;
				ENABLE_TESTABILITY = YES;
				GCC_C_LANGUAGE_STANDARD = gnu11;
				GCC_DYNAMIC_NO_PIC = NO;
				GCC_NO_COMMON_BLOCKS = YES;
				GCC_OPTIMIZATION_LEVEL = 0;
				GCC_PREPROCESSOR_DEFINITIONS = (
					"DEBUG=1",
					"$(inherited)",
				);
				GCC_WARN_64_TO_32_BIT_CONVERSION = YES;
				GCC_WARN_ABOUT_RETURN_TYPE = YES_ERROR;
				GCC_WARN_UNDECLARED_SELECTOR = YES;
				GCC_WARN_UNINITIALIZED_AUTOS = YES_AGGRESSIVE;
				GCC_WARN_UNUSED_FUNCTION = YES;
				GCC_WARN_UNUSED_VARIABLE = YES;
				IPHONEOS_DEPLOYMENT_TARGET = 15.2;
				MTL_ENABLE_DEBUG_INFO = INCLUDE_SOURCE;
				MTL_FAST_MATH = YES;
				ONLY_ACTIVE_ARCH = YES;
				SDKROOT = iphoneos;
				SWIFT_ACTIVE_COMPILATION_CONDITIONS = DEBUG;
				SWIFT_OPTIMIZATION_LEVEL = "-Onone";
			};
			name = Debug;
		};
		EA7ECE5C27E3B0E40009B0D8 /* Release */ = {
			isa = XCBuildConfiguration;
			buildSettings = {
				ALWAYS_SEARCH_USER_PATHS = NO;
				CLANG_ANALYZER_NONNULL = YES;
				CLANG_ANALYZER_NUMBER_OBJECT_CONVERSION = YES_AGGRESSIVE;
				CLANG_CXX_LANGUAGE_STANDARD = "gnu++17";
				CLANG_CXX_LIBRARY = "libc++";
				CLANG_ENABLE_MODULES = YES;
				CLANG_ENABLE_OBJC_ARC = YES;
				CLANG_ENABLE_OBJC_WEAK = YES;
				CLANG_WARN_BLOCK_CAPTURE_AUTORELEASING = YES;
				CLANG_WARN_BOOL_CONVERSION = YES;
				CLANG_WARN_COMMA = YES;
				CLANG_WARN_CONSTANT_CONVERSION = YES;
				CLANG_WARN_DEPRECATED_OBJC_IMPLEMENTATIONS = YES;
				CLANG_WARN_DIRECT_OBJC_ISA_USAGE = YES_ERROR;
				CLANG_WARN_DOCUMENTATION_COMMENTS = YES;
				CLANG_WARN_EMPTY_BODY = YES;
				CLANG_WARN_ENUM_CONVERSION = YES;
				CLANG_WARN_INFINITE_RECURSION = YES;
				CLANG_WARN_INT_CONVERSION = YES;
				CLANG_WARN_NON_LITERAL_NULL_CONVERSION = YES;
				CLANG_WARN_OBJC_IMPLICIT_RETAIN_SELF = YES;
				CLANG_WARN_OBJC_LITERAL_CONVERSION = YES;
				CLANG_WARN_OBJC_ROOT_CLASS = YES_ERROR;
				CLANG_WARN_QUOTED_INCLUDE_IN_FRAMEWORK_HEADER = YES;
				CLANG_WARN_RANGE_LOOP_ANALYSIS = YES;
				CLANG_WARN_STRICT_PROTOTYPES = YES;
				CLANG_WARN_SUSPICIOUS_MOVE = YES;
				CLANG_WARN_UNGUARDED_AVAILABILITY = YES_AGGRESSIVE;
				CLANG_WARN_UNREACHABLE_CODE = YES;
				CLANG_WARN__DUPLICATE_METHOD_MATCH = YES;
				COPY_PHASE_STRIP = NO;
				DEBUG_INFORMATION_FORMAT = "dwarf-with-dsym";
				ENABLE_NS_ASSERTIONS = NO;
				ENABLE_STRICT_OBJC_MSGSEND = YES;
				GCC_C_LANGUAGE_STANDARD = gnu11;
				GCC_NO_COMMON_BLOCKS = YES;
				GCC_WARN_64_TO_32_BIT_CONVERSION = YES;
				GCC_WARN_ABOUT_RETURN_TYPE = YES_ERROR;
				GCC_WARN_UNDECLARED_SELECTOR = YES;
				GCC_WARN_UNINITIALIZED_AUTOS = YES_AGGRESSIVE;
				GCC_WARN_UNUSED_FUNCTION = YES;
				GCC_WARN_UNUSED_VARIABLE = YES;
				IPHONEOS_DEPLOYMENT_TARGET = 15.2;
				MTL_ENABLE_DEBUG_INFO = NO;
				MTL_FAST_MATH = YES;
				SDKROOT = iphoneos;
				SWIFT_COMPILATION_MODE = wholemodule;
				SWIFT_OPTIMIZATION_LEVEL = "-O";
				VALIDATE_PRODUCT = YES;
			};
			name = Release;
		};
		EA7ECE5E27E3B0E40009B0D8 /* Debug */ = {
			isa = XCBuildConfiguration;
			buildSettings = {
				ASSETCATALOG_COMPILER_APPICON_NAME = AppIcon;
				ASSETCATALOG_COMPILER_GLOBAL_ACCENT_COLOR_NAME = AccentColor;
				CODE_SIGN_STYLE = Automatic;
				CURRENT_PROJECT_VERSION = 1;
				DEVELOPMENT_ASSET_PATHS = "\"XCANews/Preview Content\"";
				DEVELOPMENT_TEAM = 6QLLD7375Y;
				ENABLE_PREVIEWS = YES;
				GENERATE_INFOPLIST_FILE = YES;
				INFOPLIST_FILE = XCANews/Info.plist;
				INFOPLIST_KEY_UIApplicationSceneManifest_Generation = YES;
				INFOPLIST_KEY_UIApplicationSupportsIndirectInputEvents = YES;
				INFOPLIST_KEY_UILaunchScreen_Generation = YES;
				INFOPLIST_KEY_UISupportedInterfaceOrientations_iPad = "UIInterfaceOrientationPortrait UIInterfaceOrientationPortraitUpsideDown UIInterfaceOrientationLandscapeLeft UIInterfaceOrientationLandscapeRight";
				INFOPLIST_KEY_UISupportedInterfaceOrientations_iPhone = "UIInterfaceOrientationPortrait UIInterfaceOrientationLandscapeLeft UIInterfaceOrientationLandscapeRight";
				LD_RUNPATH_SEARCH_PATHS = (
					"$(inherited)",
					"@executable_path/Frameworks",
				);
				MARKETING_VERSION = 1.0;
				PRODUCT_BUNDLE_IDENTIFIER = co.ezio.todo.XCANews;
				PRODUCT_NAME = "$(TARGET_NAME)";
				SWIFT_EMIT_LOC_STRINGS = YES;
				SWIFT_VERSION = 5.0;
				TARGETED_DEVICE_FAMILY = "1,2";
			};
			name = Debug;
		};
		EA7ECE5F27E3B0E40009B0D8 /* Release */ = {
			isa = XCBuildConfiguration;
			buildSettings = {
				ASSETCATALOG_COMPILER_APPICON_NAME = AppIcon;
				ASSETCATALOG_COMPILER_GLOBAL_ACCENT_COLOR_NAME = AccentColor;
				CODE_SIGN_STYLE = Automatic;
				CURRENT_PROJECT_VERSION = 1;
				DEVELOPMENT_ASSET_PATHS = "\"XCANews/Preview Content\"";
				DEVELOPMENT_TEAM = 6QLLD7375Y;
				ENABLE_PREVIEWS = YES;
				GENERATE_INFOPLIST_FILE = YES;
				INFOPLIST_FILE = XCANews/Info.plist;
				INFOPLIST_KEY_UIApplicationSceneManifest_Generation = YES;
				INFOPLIST_KEY_UIApplicationSupportsIndirectInputEvents = YES;
				INFOPLIST_KEY_UILaunchScreen_Generation = YES;
				INFOPLIST_KEY_UISupportedInterfaceOrientations_iPad = "UIInterfaceOrientationPortrait UIInterfaceOrientationPortraitUpsideDown UIInterfaceOrientationLandscapeLeft UIInterfaceOrientationLandscapeRight";
				INFOPLIST_KEY_UISupportedInterfaceOrientations_iPhone = "UIInterfaceOrientationPortrait UIInterfaceOrientationLandscapeLeft UIInterfaceOrientationLandscapeRight";
				LD_RUNPATH_SEARCH_PATHS = (
					"$(inherited)",
					"@executable_path/Frameworks",
				);
				MARKETING_VERSION = 1.0;
				PRODUCT_BUNDLE_IDENTIFIER = co.ezio.todo.XCANews;
				PRODUCT_NAME = "$(TARGET_NAME)";
				SWIFT_EMIT_LOC_STRINGS = YES;
				SWIFT_VERSION = 5.0;
				TARGETED_DEVICE_FAMILY = "1,2";
			};
			name = Release;
		};
/* End XCBuildConfiguration section */

/* Begin XCConfigurationList section */
		EA7ECE4A27E3B0E30009B0D8 /* Build configuration list for PBXProject "XCANews" */ = {
			isa = XCConfigurationList;
			buildConfigurations = (
				EA7ECE5B27E3B0E40009B0D8 /* Debug */,
				EA7ECE5C27E3B0E40009B0D8 /* Release */,
			);
			defaultConfigurationIsVisible = 0;
			defaultConfigurationName = Release;
		};
		EA7ECE5D27E3B0E40009B0D8 /* Build configuration list for PBXNativeTarget "XCANews" */ = {
			isa = XCConfigurationList;
			buildConfigurations = (
				EA7ECE5E27E3B0E40009B0D8 /* Debug */,
				EA7ECE5F27E3B0E40009B0D8 /* Release */,
			);
			defaultConfigurationIsVisible = 0;
			defaultConfigurationName = Release;
		};
/* End XCConfigurationList section */
	};
	rootObject = EA7ECE4727E3B0E30009B0D8 /* Project object */;
}
